<Solution>
  <Folder Name="/Solution Items/">
    <File Path=".editorconfig" />
  </Folder>
  <Folder Name="/_Doc/">
    <File Path="LICENSE.txt" />
    <File Path="MarkdownEditor.png" />
    <File Path="MarkdownViewer.png" />
    <File Path="README.md" />
  </Folder>
  <Project Path="MarkdownViewerWPF/MarkdownViewerWPF.csproj" />
</Solution>
